<?xml version="1.0" encoding="utf-8"?>
<Project ToolsVersion="4.0" xmlns="http://schemas.microsoft.com/developer/msbuild/2003">
  <ItemGroup>
    <ClCompile Include="src\Animation.cpp">
      <Filter>Source Files</Filter>
    </ClCompile>
    <ClCompile Include="src\check_bound.cpp">
      <Filter>Source Files</Filter>
    </ClCompile>
    <ClCompile Include="src\Frames.cpp">
      <Filter>Source Files</Filter>
    </ClCompile>
    <ClCompile Include="src\main.cpp">
      <Filter>Source Files</Filter>
    </ClCompile>
    <ClCompile Include="src\MainMenu.cpp">
      <Filter>Source Files</Filter>
    </ClCompile>
    <ClCompile Include="src\motion.cpp">
      <Filter>Source Files</Filter>
    </ClCompile>
    <ClCompile Include="src\Object.cpp">
      <Filter>Source Files</Filter>
    </ClCompile>
    <ClCompile Include="src\setup.cpp">
      <Filter>Source Files</Filter>
    </ClCompile>
    <ClCompile Include="src\Enemies_Movement.cpp">
      <Filter>Source Files</Filter>
    </ClCompile>
    <ClCompile Include="src\LevelMap.cpp">
      <Filter>Source Files</Filter>
    </ClCompile>
    <ClCompile Include="src\soundSys.cpp">
      <Filter>Source Files</Filter>
    </ClCompile>
  </ItemGroup>
  <ItemGroup>
    <ClInclude Include="include\Animation.h">
      <Filter>Header Files</Filter>
    </ClInclude>
    <ClInclude Include="include\assets.h">
      <Filter>Header Files</Filter>
    </ClInclude>
    <ClInclude Include="include\check_bound.h">
      <Filter>Header Files</Filter>
    </ClInclude>
    <ClInclude Include="include\Frames.h">
      <Filter>Header Files</Filter>
    </ClInclude>
    <ClInclude Include="include\MainMenu.h">
      <Filter>Header Files</Filter>
    </ClInclude>
    <ClInclude Include="include\motion.h">
      <Filter>Header Files</Filter>
    </ClInclude>
    <ClInclude Include="include\Object.h">
      <Filter>Header Files</Filter>
    </ClInclude>
    <ClInclude Include="include\setup.h">
      <Filter>Header Files</Filter>
    </ClInclude>
    <ClInclude Include="include\Random.h">
      <Filter>Header Files</Filter>
    </ClInclude>
    <ClInclude Include="include\LevelMap.h">
      <Filter>Header Files</Filter>
    </ClInclude>
    <ClInclude Include="include\Enemies_Movement.h">
      <Filter>Header Files</Filter>
    </ClInclude>
    <ClInclude Include="include\soundSys.h">
      <Filter>Header Files</Filter>
    </ClInclude>
  </ItemGroup>
  <ItemGroup>
    <Image Include="resources\background.png">
      <Filter>Resource Files</Filter>
    </Image>
    <Image Include="resources\pacman.png">
      <Filter>Resource Files</Filter>
    </Image>
    <Image Include="resources\ghosts.png">
      <Filter>Resource Files</Filter>
    </Image>
  </ItemGroup>
  <ItemGroup>
    <Filter Include="Header Files">
      <UniqueIdentifier>{0c355278-e0df-4027-ba85-cbdf0ff0e216}</UniqueIdentifier>
    </Filter>
    <Filter Include="Resource Files">
      <UniqueIdentifier>{88df733c-405a-4bc1-8f84-88bc88da070c}</UniqueIdentifier>
    </Filter>
    <Filter Include="Source Files">
      <UniqueIdentifier>{190508fd-97c0-4ab7-9b2f-33600c55d5d4}</UniqueIdentifier>
    </Filter>
  </ItemGroup>
  <ItemGroup>
    <Text Include="resources\scores.txt">
      <Filter>Resource Files</Filter>
    </Text>
    <Text Include="resources\world1.txt">
      <Filter>Resource Files</Filter>
    </Text>
    <Text Include="resources\world2.txt">
      <Filter>Resource Files</Filter>
    </Text>
    <Text Include="resources\world3.txt">
      <Filter>Resource Files</Filter>
    </Text>
  </ItemGroup>
</Project>