<?xml version="1.0" encoding="utf-8"?>
<Project ToolsVersion="4.0" xmlns="http://schemas.microsoft.com/developer/msbuild/2003">
  <ItemGroup>
    <ClCompile Include="src\Animation.cpp" />
    <ClCompile Include="src\check_bound.cpp" />
    <ClCompile Include="src\Frames.cpp" />
    <ClCompile Include="src\main.cpp" />
    <ClCompile Include="src\motion.cpp" />
    <ClCompile Include="src\Object.cpp" />
    <ClCompile Include="src\setup.cpp" />
    <ClCompile Include="src\MainMenu.cpp" />
    <ClCompile Include="src\Enemies_Movement.cpp" />
  </ItemGroup>
  <ItemGroup>
    <ClInclude Include="include\Animation.h" />
    <ClInclude Include="include\assets.h" />
    <ClInclude Include="include\check_bound.h" />
    <ClInclude Include="include\Frames.h" />
    <ClInclude Include="include\motion.h" />
    <ClInclude Include="include\Object.h" />
    <ClInclude Include="include\Random.h" />
    <ClInclude Include="include\setup.h" />
    <ClInclude Include="include\MainMenu.h" />
    <ClInclude Include="include\Enemies_Movement.h" />
  </ItemGroup>
  <ItemGroup>
    <Image Include="resources\ghost.png" />
    <Image Include="resources\ghosts.png" />
    <Image Include="resources\pacman.png" />
    <Image Include="resources\background.png" />
  </ItemGroup>
  <ItemGroup>
    <Text Include="resources\scores.txt" />
  </ItemGroup>
</Project>